<?xml version="1.0" encoding="utf-8"?>
<Project ToolsVersion="4.0" xmlns="http://schemas.microsoft.com/developer/msbuild/2003">
  <ItemGroup>
    <ClCompile Include="Engine\Engine.cpp" />
    <ClCompile Include="Main\Application.cpp" />
    <ClCompile Include="GLFWFunctions\GlfwFunctions.cpp" />
    <ClCompile Include="ECS\EntityManager.cpp" />
    <ClCompile Include="WindowSystem\WindowSystem.cpp" />
    <ClCompile Include="Graphics\Shader.cpp" />
    <ClCompile Include="Graphics\GraphicsSystem.cpp" />
    <ClCompile Include="Debug\Debug.cpp" />
    <ClCompile Include="ImGui\imgui.cpp" />
    <ClCompile Include="ImGui\imgui_draw.cpp" />
    <ClCompile Include="ImGui\imgui_impl_glfw.cpp" />
    <ClCompile Include="ImGui\imgui_impl_opengl3.cpp" />
    <ClCompile Include="ImGui\imgui_tables.cpp" />
    <ClCompile Include="ImGui\imgui_widgets.cpp" />
    <ClCompile Include="MathLibrary\matrix3x3.cpp" />
    <ClCompile Include="MathLibrary\vector2D.cpp" />
    <ClCompile Include="Graphics\AnimationData.cpp" />
    <ClCompile Include="Serialization\jsonSerialization.cpp" />
    <ClCompile Include="AudioSystem\AudioSystem.cpp" />
    <ClCompile Include="ECS\SystemManager.cpp" />
    <ClCompile Include="ECS\ECSCoordinator.cpp" />
    <ClCompile Include="ECS\ComponentManager.cpp" />
    <ClCompile Include="SystemECS\GraphicSystemECS.cpp" />
    <ClCompile Include="GlobalCoordinator\GlobalCoordinator.cpp" />
    <ClCompile Include="SystemECS\PhyColliSystemECS.cpp" />
    <ClCompile Include="MathLibrary\vector3D.cpp" />
    <ClCompile Include="AssetsManager\AssetsManager.cpp" />
  </ItemGroup>
  <ItemGroup>
    <ClInclude Include="ECS\ComponentBase.h" />
    <ClInclude Include="Engine\Engine.h" />
    <ClInclude Include="Engine\Systems.h" />
    <ClInclude Include="GLFWFunctions\GlfwFunctions.h" />
    <ClInclude Include="ECS\ComponentManager.h" />
    <ClInclude Include="ECS\EntityManager.h" />
    <ClInclude Include="WindowSystem\WindowSystem.h" />
    <ClInclude Include="Graphics\Shader.h" />
    <ClInclude Include="Graphics\stb_image.h" />
    <ClInclude Include="Graphics\GraphicsSystem.h" />
    <ClInclude Include="Debug\Debug.h" />
    <ClInclude Include="MathLibrary\matrix3x3.h" />
    <ClInclude Include="MathLibrary\vector2D.h" />
    <ClInclude Include="Graphics\AnimationData.h" />
    <ClInclude Include="ECS\SystemManager.h" />
    <ClInclude Include="ECS\ECSCoordinator.h" />
    <ClInclude Include="ECS\ECSDefinitions.h" />
    <ClInclude Include="Serialization\serialization.h" />
    <ClInclude Include="Serialization\jsonSerialization.h" />
    <ClInclude Include="AudioSystem\AudioSystem.h" />
    <ClInclude Include="Components\TransformComponent.h" />
    <ClInclude Include="SystemECS\GraphicSystemECS.h" />
    <ClInclude Include="GlobalCoordinator\GlobalCoordinator.h" />
    <ClInclude Include="Components\GraphicsComponent.h" />
    <ClInclude Include="Components\AABBComponent.h" />
    <ClInclude Include="SystemECS\PhyColliSystemECS.h" />
    <ClInclude Include="Components\MovementComponent.h" />
    <ClInclude Include="Components\ClosestPlatform.h" />
    <ClInclude Include="AssetsManager\AssetsManager.h" />
    <ClInclude Include="MathLibrary\vector3D.h" />
    <ClInclude Include="Components\AnimationComponent.h" />
  </ItemGroup>
  <ItemGroup>
    <Filter Include="res">
      <UniqueIdentifier>{87d0706a-ed49-427b-b9e2-3018e52d37df}</UniqueIdentifier>
    </Filter>
    <Filter Include="res\shader">
      <UniqueIdentifier>{7b5a52f2-1458-4491-bd12-efbd3bffb88b}</UniqueIdentifier>
    </Filter>
  </ItemGroup>
  <ItemGroup>
    <None Include="Graphics\Basic.shader" />
    <None Include="Graphics\Basic1.shader" />
  </ItemGroup>
  <ItemGroup>
    <Font Include="Debug\Assets\liberation-mono.ttf" />
  </ItemGroup>
  <ItemGroup>
    <Image Include="Graphics\Assets\demon_spritesheet.png" />
    <Image Include="Graphics\Assets\moss.png" />
    <Image Include="Graphics\Assets\tomatohead1.png" />
  </ItemGroup>
</Project>