<?xml version="1.0" encoding="utf-8"?>
<Project ToolsVersion="4.0" xmlns="http://schemas.microsoft.com/developer/msbuild/2003">
  <ItemGroup>
    <ClCompile Include="Engine\Engine.cpp" />
    <ClCompile Include="Main\Application.cpp" />
    <ClCompile Include="GLFWFunctions\GlfwFunctions.cpp" />
    <ClCompile Include="ECS\EntityManager.cpp" />
    <ClCompile Include="WindowSystem\WindowSystem.cpp" />
    <ClCompile Include="Graphics\Shader.cpp" />
    <ClCompile Include="Graphics\GraphicsSystem.cpp" />
    <ClCompile Include="DebugSystem\Debug.cpp" />
    <ClCompile Include="ImGui\imgui.cpp" />
    <ClCompile Include="ImGui\imgui_draw.cpp" />
    <ClCompile Include="ImGui\imgui_impl_glfw.cpp" />
    <ClCompile Include="ImGui\imgui_impl_opengl3.cpp" />
    <ClCompile Include="ImGui\imgui_tables.cpp" />
    <ClCompile Include="ImGui\imgui_widgets.cpp" />
    <ClCompile Include="MathLibrary\matrix3x3.cpp" />
    <ClCompile Include="MathLibrary\vector2D.cpp" />
    <ClCompile Include="Graphics\AnimationData.cpp" />
    <ClCompile Include="Serialization\jsonSerialization.cpp" />
    <ClCompile Include="AudioSystem\AudioSystem.cpp" />
    <ClCompile Include="ECS\SystemManager.cpp" />
    <ClCompile Include="ECS\ECSCoordinator.cpp" />
    <ClCompile Include="ECS\ComponentManager.cpp" />
    <ClCompile Include="SystemECS\GraphicSystemECS.cpp" />
    <ClCompile Include="GlobalCoordinator\GlobalCoordinator.cpp" />
    <ClCompile Include="SystemECS\PhyColliSystemECS.cpp" />
    <ClCompile Include="MathLibrary\vector3D.cpp" />
    <ClCompile Include="MessageSystem\observer.cpp" />
    <ClCompile Include="MessageSystem\observable.cpp" />
    <ClCompile Include="FilePaths\filePath.cpp" />
    <ClCompile Include="AssetsManager\AssetsManager.cpp" />
    <ClCompile Include="DebugSystem\Crashlog.cpp" />
    <ClCompile Include="DebugSystem\GUIConsole.cpp" />
    <ClCompile Include="DebugSystem\GUIGameViewport.cpp" />
    <ClCompile Include="SystemECS\LogicSystemECS.cpp" />
    <ClCompile Include="Graphics\FontSystem.cpp" />
    <ClCompile Include="SystemECS\FontSystemECS.cpp" />
    <ClCompile Include="Graphics\CameraSystem2D.cpp" />
    <ClCompile Include="DebugSystem\GUIAssetBrowser.cpp" />
    <ClCompile Include="DebugSystem\GUIHierarchyList.cpp" />
    <ClCompile Include="DebugSystem\GUIObjectCreation.cpp" />
    <ClCompile Include="DebugSystem\GUIInspector.cpp" />
    <ClCompile Include="SystemECS\CollectableBehaviour.cpp" />
    <ClCompile Include="SystemECS\EffectPumpBehaviour.cpp" />
    <ClCompile Include="SystemECS\EnemyBehaviour.cpp" />
    <ClCompile Include="SystemECS\ExitBehaviour.cpp" />
    <ClCompile Include="SystemECS\PlayerBehaviour.cpp" />
    <ClCompile Include="SystemECS\PlatformBehaviour.cpp" />
    <ClCompile Include="SystemECS\FilterBehaviour.cpp" />
    <ClCompile Include="SystemECS\MovPlatformBehaviour.cpp" />
    <ClCompile Include="DebugSystem\GUIAudioPanel.cpp" />
  </ItemGroup>
  <ItemGroup>
    <ClInclude Include="Engine\Engine.h" />
    <ClInclude Include="Engine\Systems.h" />
    <ClInclude Include="GLFWFunctions\GlfwFunctions.h" />
    <ClInclude Include="ECS\ComponentManager.h" />
    <ClInclude Include="ECS\EntityManager.h" />
    <ClInclude Include="WindowSystem\WindowSystem.h" />
    <ClInclude Include="Graphics\Shader.h" />
    <ClInclude Include="Graphics\stb_image.h" />
    <ClInclude Include="Graphics\GraphicsSystem.h" />
    <ClInclude Include="DebugSystem\Debug.h" />
    <ClInclude Include="MathLibrary\matrix3x3.h" />
    <ClInclude Include="MathLibrary\vector2D.h" />
    <ClInclude Include="Graphics\AnimationData.h" />
    <ClInclude Include="ECS\SystemManager.h" />
    <ClInclude Include="ECS\ECSCoordinator.h" />
    <ClInclude Include="ECS\ECSDefinitions.h" />
    <ClInclude Include="Serialization\serialization.h" />
    <ClInclude Include="Serialization\jsonSerialization.h" />
    <ClInclude Include="AudioSystem\AudioSystem.h" />
    <ClInclude Include="Components\TransformComponent.h" />
    <ClInclude Include="SystemECS\GraphicSystemECS.h" />
    <ClInclude Include="GlobalCoordinator\GlobalCoordinator.h" />
    <ClInclude Include="Components\GraphicsComponent.h" />
    <ClInclude Include="Components\AABBComponent.h" />
    <ClInclude Include="SystemECS\PhyColliSystemECS.h" />
    <ClInclude Include="Components\MovementComponent.h" />
    <ClInclude Include="Components\ClosestPlatform.h" />
    <ClInclude Include="AssetsManager\AssetsManager.h" />
    <ClInclude Include="MathLibrary\vector3D.h" />
    <ClInclude Include="Components\AnimationComponent.h" />
    <ClInclude Include="MessageSystem\baseMessageSystem.h" />
    <ClInclude Include="MessageSystem\message.h" />
    <ClInclude Include="MessageSystem\observer.h" />
    <ClInclude Include="MessageSystem\observable.h" />
    <ClInclude Include="FilePaths\filePath.h" />
    <ClInclude Include="DebugSystem\Crashlog.h" />
    <ClInclude Include="DebugSystem\GUIConsole.h" />
    <ClInclude Include="DebugSystem\GUIGameViewport.h" />
    <ClInclude Include="EntityManager\ComponentBase.h" />
    <ClInclude Include="Graphics\CameraSystem2D.h" />
    <ClInclude Include="Components\EnemyComponent.h" />
    <ClInclude Include="SystemECS\LogicSystemECS.h" />
    <ClInclude Include="Components\PhysicsComponent.h" />
    <ClInclude Include="Components\FontComponent.h" />
    <ClInclude Include="SystemECS\FontSystemECS.h" />
    <ClInclude Include="Engine\EngineDefinitions.h" />
    <ClInclude Include="SystemECS\Force.h" />
    <ClInclude Include="Graphics\FontSystem.h" />
    <ClInclude Include="Components\ButtonComponent.h" />
    <ClInclude Include="DebugSystem\GUIAssetBrowser.h" />
    <ClInclude Include="DebugSystem\GUIHierarchyList.h" />
    <ClInclude Include="DebugSystem\GUIObjectCreation.h" />
    <ClInclude Include="DebugSystem\GUIInspector.h" />
    <ClInclude Include="Components\CollectableComponent.h" />
    <ClInclude Include="Components\ExitComponent.h" />
    <ClInclude Include="Components\PlayerComponent.h" />
    <ClInclude Include="Components\PumpComponent.h" />
    <ClInclude Include="SystemECS\CollectableBehaviour.h" />
    <ClInclude Include="SystemECS\EffectPumpBehaviour.h" />
    <ClInclude Include="SystemECS\EnemyBehaviour.h" />
    <ClInclude Include="SystemECS\ExitBehaviour.h" />
    <ClInclude Include="SystemECS\PlayerBehaviour.h" />
    <ClInclude Include="Components\BehaviourComponent.h" />
    <ClInclude Include="Components\BackgroundComponent.h" />
    <ClInclude Include="Components\UIComponent.h" />
    <ClInclude Include="SystemECS\PlatformBehaviour.h" />
    <ClInclude Include="SystemECS\FilterBehaviour.h" />
    <ClInclude Include="Components\FilterComponent.h" />
    <ClInclude Include="Components\MovPlatformComponent.h" />
    <ClInclude Include="SystemECS\MovPlatformBehaviour.h" />
    <ClInclude Include="DebugSystem\GUIAudioPanel.h" />
  </ItemGroup>
  <ItemGroup>
    <Filter Include="res">
      <UniqueIdentifier>{87d0706a-ed49-427b-b9e2-3018e52d37df}</UniqueIdentifier>
    </Filter>
    <Filter Include="res\shader">
      <UniqueIdentifier>{7b5a52f2-1458-4491-bd12-efbd3bffb88b}</UniqueIdentifier>
    </Filter>
  </ItemGroup>
  <ItemGroup>
    <None Include="Graphics\Basic.shader" />
    <None Include="Graphics\Basic1.shader" />
    <None Include="Graphics\font.shader" />
  </ItemGroup>
  <ItemGroup>
    <Image Include="Graphics\Assets\moss.png" />
    <Image Include="Graphics\Assets\tomatohead1.png" />
  </ItemGroup>
</Project>