
Microsoft Visual Studio Solution File, Format Version 12.00
# Visual Studio Version 17
VisualStudioVersion = 17.7.34024.191
MinimumVisualStudioVersion = 10.0.40219.1
Project("{8BC9CEB8-8B4A-11D0-8D11-00A0C91BC942}") = "Sandbox", "Sandbox\Sandbox.vcxproj", "{C29DED5B-608F-47D1-8F32-927CA489B669}"
EndProject
Project("{8BC9CEB8-8B4A-11D0-8D11-00A0C91BC942}") = "monkeybrother", "monkeybrother\monkeybrother.vcxproj", "{5B3C0D56-8E67-489A-A670-632EA75B0334}"
EndProject
Global
	GlobalSection(SolutionConfigurationPlatforms) = preSolution
		Debug|x64 = Debug|x64
		Release|x64 = Release|x64
	EndGlobalSection
	GlobalSection(ProjectConfigurationPlatforms) = postSolution
		{5B3C0D56-8E67-489A-A670-632EA75B0334}.Debug|x64.ActiveCfg = Debug|x64
		{5B3C0D56-8E67-489A-A670-632EA75B0334}.Debug|x64.Build.0 = Debug|x64
		{5B3C0D56-8E67-489A-A670-632EA75B0334}.Release|x64.ActiveCfg = Release|x64
		{5B3C0D56-8E67-489A-A670-632EA75B0334}.Release|x64.Build.0 = Release|x64
		{C29DED5B-608F-47D1-8F32-927CA489B669}.Debug|x64.ActiveCfg = Debug|x64
		{C29DED5B-608F-47D1-8F32-927CA489B669}.Debug|x64.Build.0 = Debug|x64
		{C29DED5B-608F-47D1-8F32-927CA489B669}.Release|x64.ActiveCfg = Release|x64
		{C29DED5B-608F-47D1-8F32-927CA489B669}.Release|x64.Build.0 = Release|x64
	EndGlobalSection
	GlobalSection(SolutionProperties) = preSolution
		HideSolutionNode = FALSE
	EndGlobalSection
	GlobalSection(ExtensibilityGlobals) = postSolution
		SolutionGuid = {7562C437-E4FA-4264-9E07-CDB20D74BF94}
	EndGlobalSection
EndGlobal
